// !$*UTF8*$!
{
	archiveVersion = 1;
	classes = {
	};
	objectVersion = 50;
	objects = {

/* Begin PBXBuildFile section */
		043F1ED54B9411890FF3BE49 /* Pods_tumblr.framework in Frameworks */ = {isa = PBXBuildFile; fileRef = 9ECEA0A0F72FBDEAF9DE05A1 /* Pods_tumblr.framework */; };
		89F5262651BDA236F7417498 /* Pods_tumblrTests.framework in Frameworks */ = {isa = PBXBuildFile; fileRef = AC64A02DE3086BAEF62D91AA /* Pods_tumblrTests.framework */; };
		BDC90A61FCB1ED28E94413CF /* Pods_tumblrUITests.framework in Frameworks */ = {isa = PBXBuildFile; fileRef = 31A94383C843EE280D87E928 /* Pods_tumblrUITests.framework */; };
		DC4027BD22025490003E3434 /* AppDelegate.swift in Sources */ = {isa = PBXBuildFile; fileRef = DC4027BC22025490003E3434 /* AppDelegate.swift */; };
		DC4027C222025490003E3434 /* Main.storyboard in Resources */ = {isa = PBXBuildFile; fileRef = DC4027C022025490003E3434 /* Main.storyboard */; };
		DC4027C4220254A0003E3434 /* Assets.xcassets in Resources */ = {isa = PBXBuildFile; fileRef = DC4027C3220254A0003E3434 /* Assets.xcassets */; };
		DC4027C7220254A0003E3434 /* LaunchScreen.storyboard in Resources */ = {isa = PBXBuildFile; fileRef = DC4027C5220254A0003E3434 /* LaunchScreen.storyboard */; };
		DC4027D2220254A0003E3434 /* tumblrTests.swift in Sources */ = {isa = PBXBuildFile; fileRef = DC4027D1220254A0003E3434 /* tumblrTests.swift */; };
		DC4027DD220254A0003E3434 /* tumblrUITests.swift in Sources */ = {isa = PBXBuildFile; fileRef = DC4027DC220254A0003E3434 /* tumblrUITests.swift */; };
		DC4027EB220255B8003E3434 /* PhotosViewController.swift in Sources */ = {isa = PBXBuildFile; fileRef = DC4027EA220255B8003E3434 /* PhotosViewController.swift */; };
		DC4027ED22025CA6003E3434 /* PhotoCell.swift in Sources */ = {isa = PBXBuildFile; fileRef = DC4027EC22025CA6003E3434 /* PhotoCell.swift */; };
/* End PBXBuildFile section */

/* Begin PBXContainerItemProxy section */
		DC4027CE220254A0003E3434 /* PBXContainerItemProxy */ = {
			isa = PBXContainerItemProxy;
			containerPortal = DC4027B122025490003E3434 /* Project object */;
			proxyType = 1;
			remoteGlobalIDString = DC4027B822025490003E3434;
			remoteInfo = tumblr;
		};
		DC4027D9220254A0003E3434 /* PBXContainerItemProxy */ = {
			isa = PBXContainerItemProxy;
			containerPortal = DC4027B122025490003E3434 /* Project object */;
			proxyType = 1;
			remoteGlobalIDString = DC4027B822025490003E3434;
			remoteInfo = tumblr;
		};
/* End PBXContainerItemProxy section */

/* Begin PBXFileReference section */
		1A043FC8CC813053FD73F97E /* Pods-tumblrUITests.debug.xcconfig */ = {isa = PBXFileReference; includeInIndex = 1; lastKnownFileType = text.xcconfig; name = "Pods-tumblrUITests.debug.xcconfig"; path = "Pods/Target Support Files/Pods-tumblrUITests/Pods-tumblrUITests.debug.xcconfig"; sourceTree = "<group>"; };
		1C05A57A750D68C61C87274C /* Pods-tumblr.release.xcconfig */ = {isa = PBXFileReference; includeInIndex = 1; lastKnownFileType = text.xcconfig; name = "Pods-tumblr.release.xcconfig"; path = "Pods/Target Support Files/Pods-tumblr/Pods-tumblr.release.xcconfig"; sourceTree = "<group>"; };
		31A94383C843EE280D87E928 /* Pods_tumblrUITests.framework */ = {isa = PBXFileReference; explicitFileType = wrapper.framework; includeInIndex = 0; path = Pods_tumblrUITests.framework; sourceTree = BUILT_PRODUCTS_DIR; };
		471F40094E09D4F2D909FCC7 /* Pods-tumblr.debug.xcconfig */ = {isa = PBXFileReference; includeInIndex = 1; lastKnownFileType = text.xcconfig; name = "Pods-tumblr.debug.xcconfig"; path = "Pods/Target Support Files/Pods-tumblr/Pods-tumblr.debug.xcconfig"; sourceTree = "<group>"; };
		877C4C769910283D265858AD /* Pods-tumblrTests.release.xcconfig */ = {isa = PBXFileReference; includeInIndex = 1; lastKnownFileType = text.xcconfig; name = "Pods-tumblrTests.release.xcconfig"; path = "Pods/Target Support Files/Pods-tumblrTests/Pods-tumblrTests.release.xcconfig"; sourceTree = "<group>"; };
		92A0C89FFCE3A35A37AD95BF /* Pods-tumblrUITests.release.xcconfig */ = {isa = PBXFileReference; includeInIndex = 1; lastKnownFileType = text.xcconfig; name = "Pods-tumblrUITests.release.xcconfig"; path = "Pods/Target Support Files/Pods-tumblrUITests/Pods-tumblrUITests.release.xcconfig"; sourceTree = "<group>"; };
		935561D2E3F4361685893F4A /* Pods-tumblrTests.debug.xcconfig */ = {isa = PBXFileReference; includeInIndex = 1; lastKnownFileType = text.xcconfig; name = "Pods-tumblrTests.debug.xcconfig"; path = "Pods/Target Support Files/Pods-tumblrTests/Pods-tumblrTests.debug.xcconfig"; sourceTree = "<group>"; };
		9ECEA0A0F72FBDEAF9DE05A1 /* Pods_tumblr.framework */ = {isa = PBXFileReference; explicitFileType = wrapper.framework; includeInIndex = 0; path = Pods_tumblr.framework; sourceTree = BUILT_PRODUCTS_DIR; };
		AC64A02DE3086BAEF62D91AA /* Pods_tumblrTests.framework */ = {isa = PBXFileReference; explicitFileType = wrapper.framework; includeInIndex = 0; path = Pods_tumblrTests.framework; sourceTree = BUILT_PRODUCTS_DIR; };
		DC4027B922025490003E3434 /* tumblr.app */ = {isa = PBXFileReference; explicitFileType = wrapper.application; includeInIndex = 0; path = tumblr.app; sourceTree = BUILT_PRODUCTS_DIR; };
		DC4027BC22025490003E3434 /* AppDelegate.swift */ = {isa = PBXFileReference; lastKnownFileType = sourcecode.swift; path = AppDelegate.swift; sourceTree = "<group>"; };
		DC4027C122025490003E3434 /* Base */ = {isa = PBXFileReference; lastKnownFileType = file.storyboard; name = Base; path = Base.lproj/Main.storyboard; sourceTree = "<group>"; };
		DC4027C3220254A0003E3434 /* Assets.xcassets */ = {isa = PBXFileReference; lastKnownFileType = folder.assetcatalog; path = Assets.xcassets; sourceTree = "<group>"; };
		DC4027C6220254A0003E3434 /* Base */ = {isa = PBXFileReference; lastKnownFileType = file.storyboard; name = Base; path = Base.lproj/LaunchScreen.storyboard; sourceTree = "<group>"; };
		DC4027C8220254A0003E3434 /* Info.plist */ = {isa = PBXFileReference; lastKnownFileType = text.plist.xml; path = Info.plist; sourceTree = "<group>"; };
		DC4027CD220254A0003E3434 /* tumblrTests.xctest */ = {isa = PBXFileReference; explicitFileType = wrapper.cfbundle; includeInIndex = 0; path = tumblrTests.xctest; sourceTree = BUILT_PRODUCTS_DIR; };
		DC4027D1220254A0003E3434 /* tumblrTests.swift */ = {isa = PBXFileReference; lastKnownFileType = sourcecode.swift; path = tumblrTests.swift; sourceTree = "<group>"; };
		DC4027D3220254A0003E3434 /* Info.plist */ = {isa = PBXFileReference; lastKnownFileType = text.plist.xml; path = Info.plist; sourceTree = "<group>"; };
		DC4027D8220254A0003E3434 /* tumblrUITests.xctest */ = {isa = PBXFileReference; explicitFileType = wrapper.cfbundle; includeInIndex = 0; path = tumblrUITests.xctest; sourceTree = BUILT_PRODUCTS_DIR; };
		DC4027DC220254A0003E3434 /* tumblrUITests.swift */ = {isa = PBXFileReference; lastKnownFileType = sourcecode.swift; path = tumblrUITests.swift; sourceTree = "<group>"; };
		DC4027DE220254A0003E3434 /* Info.plist */ = {isa = PBXFileReference; lastKnownFileType = text.plist.xml; path = Info.plist; sourceTree = "<group>"; };
		DC4027EA220255B8003E3434 /* PhotosViewController.swift */ = {isa = PBXFileReference; lastKnownFileType = sourcecode.swift; path = PhotosViewController.swift; sourceTree = "<group>"; };
		DC4027EC22025CA6003E3434 /* PhotoCell.swift */ = {isa = PBXFileReference; lastKnownFileType = sourcecode.swift; path = PhotoCell.swift; sourceTree = "<group>"; };
/* End PBXFileReference section */

/* Begin PBXFrameworksBuildPhase section */
		DC4027B622025490003E3434 /* Frameworks */ = {
			isa = PBXFrameworksBuildPhase;
			buildActionMask = 2147483647;
			files = (
				043F1ED54B9411890FF3BE49 /* Pods_tumblr.framework in Frameworks */,
			);
			runOnlyForDeploymentPostprocessing = 0;
		};
		DC4027CA220254A0003E3434 /* Frameworks */ = {
			isa = PBXFrameworksBuildPhase;
			buildActionMask = 2147483647;
			files = (
				89F5262651BDA236F7417498 /* Pods_tumblrTests.framework in Frameworks */,
			);
			runOnlyForDeploymentPostprocessing = 0;
		};
		DC4027D5220254A0003E3434 /* Frameworks */ = {
			isa = PBXFrameworksBuildPhase;
			buildActionMask = 2147483647;
			files = (
				BDC90A61FCB1ED28E94413CF /* Pods_tumblrUITests.framework in Frameworks */,
			);
			runOnlyForDeploymentPostprocessing = 0;
		};
/* End PBXFrameworksBuildPhase section */

/* Begin PBXGroup section */
		68519F755DC07CD7CC3A6726 /* Pods */ = {
			isa = PBXGroup;
			children = (
				471F40094E09D4F2D909FCC7 /* Pods-tumblr.debug.xcconfig */,
				1C05A57A750D68C61C87274C /* Pods-tumblr.release.xcconfig */,
				935561D2E3F4361685893F4A /* Pods-tumblrTests.debug.xcconfig */,
				877C4C769910283D265858AD /* Pods-tumblrTests.release.xcconfig */,
				1A043FC8CC813053FD73F97E /* Pods-tumblrUITests.debug.xcconfig */,
				92A0C89FFCE3A35A37AD95BF /* Pods-tumblrUITests.release.xcconfig */,
			);
			name = Pods;
			sourceTree = "<group>";
		};
		920E019141B02B145317E15C /* Frameworks */ = {
			isa = PBXGroup;
			children = (
				9ECEA0A0F72FBDEAF9DE05A1 /* Pods_tumblr.framework */,
				AC64A02DE3086BAEF62D91AA /* Pods_tumblrTests.framework */,
				31A94383C843EE280D87E928 /* Pods_tumblrUITests.framework */,
			);
			name = Frameworks;
			sourceTree = "<group>";
		};
		DC4027B022025490003E3434 = {
			isa = PBXGroup;
			children = (
				DC4027BB22025490003E3434 /* tumblr */,
				DC4027D0220254A0003E3434 /* tumblrTests */,
				DC4027DB220254A0003E3434 /* tumblrUITests */,
				DC4027BA22025490003E3434 /* Products */,
				68519F755DC07CD7CC3A6726 /* Pods */,
				920E019141B02B145317E15C /* Frameworks */,
			);
			sourceTree = "<group>";
		};
		DC4027BA22025490003E3434 /* Products */ = {
			isa = PBXGroup;
			children = (
				DC4027B922025490003E3434 /* tumblr.app */,
				DC4027CD220254A0003E3434 /* tumblrTests.xctest */,
				DC4027D8220254A0003E3434 /* tumblrUITests.xctest */,
			);
			name = Products;
			sourceTree = "<group>";
		};
		DC4027BB22025490003E3434 /* tumblr */ = {
			isa = PBXGroup;
			children = (
				DC4027EC22025CA6003E3434 /* PhotoCell.swift */,
				DC4027BC22025490003E3434 /* AppDelegate.swift */,
				DC4027C022025490003E3434 /* Main.storyboard */,
				DC4027C3220254A0003E3434 /* Assets.xcassets */,
				DC4027C5220254A0003E3434 /* LaunchScreen.storyboard */,
				DC4027C8220254A0003E3434 /* Info.plist */,
				DC4027EA220255B8003E3434 /* PhotosViewController.swift */,
			);
			path = tumblr;
			sourceTree = "<group>";
		};
		DC4027D0220254A0003E3434 /* tumblrTests */ = {
			isa = PBXGroup;
			children = (
				DC4027D1220254A0003E3434 /* tumblrTests.swift */,
				DC4027D3220254A0003E3434 /* Info.plist */,
			);
			path = tumblrTests;
			sourceTree = "<group>";
		};
		DC4027DB220254A0003E3434 /* tumblrUITests */ = {
			isa = PBXGroup;
			children = (
				DC4027DC220254A0003E3434 /* tumblrUITests.swift */,
				DC4027DE220254A0003E3434 /* Info.plist */,
			);
			path = tumblrUITests;
			sourceTree = "<group>";
		};
/* End PBXGroup section */

/* Begin PBXNativeTarget section */
		DC4027B822025490003E3434 /* tumblr */ = {
			isa = PBXNativeTarget;
			buildConfigurationList = DC4027E1220254A0003E3434 /* Build configuration list for PBXNativeTarget "tumblr" */;
			buildPhases = (
				55AE5C98B496BB349B2F8A86 /* [CP] Check Pods Manifest.lock */,
				DC4027B522025490003E3434 /* Sources */,
				DC4027B622025490003E3434 /* Frameworks */,
				DC4027B722025490003E3434 /* Resources */,
				641EACF4267978763BC5B700 /* [CP] Embed Pods Frameworks */,
			);
			buildRules = (
			);
			dependencies = (
			);
			name = tumblr;
			productName = tumblr;
			productReference = DC4027B922025490003E3434 /* tumblr.app */;
			productType = "com.apple.product-type.application";
		};
		DC4027CC220254A0003E3434 /* tumblrTests */ = {
			isa = PBXNativeTarget;
			buildConfigurationList = DC4027E4220254A0003E3434 /* Build configuration list for PBXNativeTarget "tumblrTests" */;
			buildPhases = (
				1DF5519AA06899CC98CE548E /* [CP] Check Pods Manifest.lock */,
				DC4027C9220254A0003E3434 /* Sources */,
				DC4027CA220254A0003E3434 /* Frameworks */,
				DC4027CB220254A0003E3434 /* Resources */,
			);
			buildRules = (
			);
			dependencies = (
				DC4027CF220254A0003E3434 /* PBXTargetDependency */,
			);
			name = tumblrTests;
			productName = tumblrTests;
			productReference = DC4027CD220254A0003E3434 /* tumblrTests.xctest */;
			productType = "com.apple.product-type.bundle.unit-test";
		};
		DC4027D7220254A0003E3434 /* tumblrUITests */ = {
			isa = PBXNativeTarget;
			buildConfigurationList = DC4027E7220254A0003E3434 /* Build configuration list for PBXNativeTarget "tumblrUITests" */;
			buildPhases = (
				C7C9DCB229F94655261F8EFC /* [CP] Check Pods Manifest.lock */,
				DC4027D4220254A0003E3434 /* Sources */,
				DC4027D5220254A0003E3434 /* Frameworks */,
				DC4027D6220254A0003E3434 /* Resources */,
			);
			buildRules = (
			);
			dependencies = (
				DC4027DA220254A0003E3434 /* PBXTargetDependency */,
			);
			name = tumblrUITests;
			productName = tumblrUITests;
			productReference = DC4027D8220254A0003E3434 /* tumblrUITests.xctest */;
			productType = "com.apple.product-type.bundle.ui-testing";
		};
/* End PBXNativeTarget section */

/* Begin PBXProject section */
		DC4027B122025490003E3434 /* Project object */ = {
			isa = PBXProject;
			attributes = {
				LastSwiftUpdateCheck = 1010;
				LastUpgradeCheck = 1010;
				ORGANIZATIONNAME = "Faith Shatto";
				TargetAttributes = {
					DC4027B822025490003E3434 = {
						CreatedOnToolsVersion = 10.1;
					};
					DC4027CC220254A0003E3434 = {
						CreatedOnToolsVersion = 10.1;
						TestTargetID = DC4027B822025490003E3434;
					};
					DC4027D7220254A0003E3434 = {
						CreatedOnToolsVersion = 10.1;
						TestTargetID = DC4027B822025490003E3434;
					};
				};
			};
			buildConfigurationList = DC4027B422025490003E3434 /* Build configuration list for PBXProject "tumblr" */;
			compatibilityVersion = "Xcode 9.3";
			developmentRegion = en;
			hasScannedForEncodings = 0;
			knownRegions = (
				en,
				Base,
			);
			mainGroup = DC4027B022025490003E3434;
			productRefGroup = DC4027BA22025490003E3434 /* Products */;
			projectDirPath = "";
			projectRoot = "";
			targets = (
				DC4027B822025490003E3434 /* tumblr */,
				DC4027CC220254A0003E3434 /* tumblrTests */,
				DC4027D7220254A0003E3434 /* tumblrUITests */,
			);
		};
/* End PBXProject section */

/* Begin PBXResourcesBuildPhase section */
		DC4027B722025490003E3434 /* Resources */ = {
			isa = PBXResourcesBuildPhase;
			buildActionMask = 2147483647;
			files = (
				DC4027C7220254A0003E3434 /* LaunchScreen.storyboard in Resources */,
				DC4027C4220254A0003E3434 /* Assets.xcassets in Resources */,
				DC4027C222025490003E3434 /* Main.storyboard in Resources */,
			);
			runOnlyForDeploymentPostprocessing = 0;
		};
		DC4027CB220254A0003E3434 /* Resources */ = {
			isa = PBXResourcesBuildPhase;
			buildActionMask = 2147483647;
			files = (
			);
			runOnlyForDeploymentPostprocessing = 0;
		};
		DC4027D6220254A0003E3434 /* Resources */ = {
			isa = PBXResourcesBuildPhase;
			buildActionMask = 2147483647;
			files = (
			);
			runOnlyForDeploymentPostprocessing = 0;
		};
/* End PBXResourcesBuildPhase section */

/* Begin PBXShellScriptBuildPhase section */
		1DF5519AA06899CC98CE548E /* [CP] Check Pods Manifest.lock */ = {
			isa = PBXShellScriptBuildPhase;
			buildActionMask = 2147483647;
			files = (
			);
			inputFileListPaths = (
			);
			inputPaths = (
				"${PODS_PODFILE_DIR_PATH}/Podfile.lock",
				"${PODS_ROOT}/Manifest.lock",
			);
			name = "[CP] Check Pods Manifest.lock";
			outputFileListPaths = (
			);
			outputPaths = (
				"$(DERIVED_FILE_DIR)/Pods-tumblrTests-checkManifestLockResult.txt",
			);
			runOnlyForDeploymentPostprocessing = 0;
			shellPath = /bin/sh;
			shellScript = "diff \"${PODS_PODFILE_DIR_PATH}/Podfile.lock\" \"${PODS_ROOT}/Manifest.lock\" > /dev/null\nif [ $? != 0 ] ; then\n    # print error to STDERR\n    echo \"error: The sandbox is not in sync with the Podfile.lock. Run 'pod install' or update your CocoaPods installation.\" >&2\n    exit 1\nfi\n# This output is used by Xcode 'outputs' to avoid re-running this script phase.\necho \"SUCCESS\" > \"${SCRIPT_OUTPUT_FILE_0}\"\n";
			showEnvVarsInLog = 0;
		};
		55AE5C98B496BB349B2F8A86 /* [CP] Check Pods Manifest.lock */ = {
			isa = PBXShellScriptBuildPhase;
			buildActionMask = 2147483647;
			files = (
			);
			inputFileListPaths = (
			);
			inputPaths = (
				"${PODS_PODFILE_DIR_PATH}/Podfile.lock",
				"${PODS_ROOT}/Manifest.lock",
			);
			name = "[CP] Check Pods Manifest.lock";
			outputFileListPaths = (
			);
			outputPaths = (
				"$(DERIVED_FILE_DIR)/Pods-tumblr-checkManifestLockResult.txt",
			);
			runOnlyForDeploymentPostprocessing = 0;
			shellPath = /bin/sh;
			shellScript = "diff \"${PODS_PODFILE_DIR_PATH}/Podfile.lock\" \"${PODS_ROOT}/Manifest.lock\" > /dev/null\nif [ $? != 0 ] ; then\n    # print error to STDERR\n    echo \"error: The sandbox is not in sync with the Podfile.lock. Run 'pod install' or update your CocoaPods installation.\" >&2\n    exit 1\nfi\n# This output is used by Xcode 'outputs' to avoid re-running this script phase.\necho \"SUCCESS\" > \"${SCRIPT_OUTPUT_FILE_0}\"\n";
			showEnvVarsInLog = 0;
		};
		641EACF4267978763BC5B700 /* [CP] Embed Pods Frameworks */ = {
			isa = PBXShellScriptBuildPhase;
			buildActionMask = 2147483647;
			files = (
			);
			inputFileListPaths = (
			);
			inputPaths = (
				"${SRCROOT}/Pods/Target Support Files/Pods-tumblr/Pods-tumblr-frameworks.sh",
				"${BUILT_PRODUCTS_DIR}/Alamofire/Alamofire.framework",
				"${BUILT_PRODUCTS_DIR}/AlamofireImage/AlamofireImage.framework",
			);
			name = "[CP] Embed Pods Frameworks";
			outputFileListPaths = (
			);
			outputPaths = (
				"${TARGET_BUILD_DIR}/${FRAMEWORKS_FOLDER_PATH}/Alamofire.framework",
				"${TARGET_BUILD_DIR}/${FRAMEWORKS_FOLDER_PATH}/AlamofireImage.framework",
			);
			runOnlyForDeploymentPostprocessing = 0;
			shellPath = /bin/sh;
			shellScript = "\"${SRCROOT}/Pods/Target Support Files/Pods-tumblr/Pods-tumblr-frameworks.sh\"\n";
			showEnvVarsInLog = 0;
		};
		C7C9DCB229F94655261F8EFC /* [CP] Check Pods Manifest.lock */ = {
			isa = PBXShellScriptBuildPhase;
			buildActionMask = 2147483647;
			files = (
			);
			inputFileListPaths = (
			);
			inputPaths = (
				"${PODS_PODFILE_DIR_PATH}/Podfile.lock",
				"${PODS_ROOT}/Manifest.lock",
			);
			name = "[CP] Check Pods Manifest.lock";
			outputFileListPaths = (
			);
			outputPaths = (
				"$(DERIVED_FILE_DIR)/Pods-tumblrUITests-checkManifestLockResult.txt",
			);
			runOnlyForDeploymentPostprocessing = 0;
			shellPath = /bin/sh;
			shellScript = "diff \"${PODS_PODFILE_DIR_PATH}/Podfile.lock\" \"${PODS_ROOT}/Manifest.lock\" > /dev/null\nif [ $? != 0 ] ; then\n    # print error to STDERR\n    echo \"error: The sandbox is not in sync with the Podfile.lock. Run 'pod install' or update your CocoaPods installation.\" >&2\n    exit 1\nfi\n# This output is used by Xcode 'outputs' to avoid re-running this script phase.\necho \"SUCCESS\" > \"${SCRIPT_OUTPUT_FILE_0}\"\n";
			showEnvVarsInLog = 0;
		};
/* End PBXShellScriptBuildPhase section */

/* Begin PBXSourcesBuildPhase section */
		DC4027B522025490003E3434 /* Sources */ = {
			isa = PBXSourcesBuildPhase;
			buildActionMask = 2147483647;
			files = (
				DC4027BD22025490003E3434 /* AppDelegate.swift in Sources */,
				DC4027ED22025CA6003E3434 /* PhotoCell.swift in Sources */,
				DC4027EB220255B8003E3434 /* PhotosViewController.swift in Sources */,
			);
			runOnlyForDeploymentPostprocessing = 0;
		};
		DC4027C9220254A0003E3434 /* Sources */ = {
			isa = PBXSourcesBuildPhase;
			buildActionMask = 2147483647;
			files = (
				DC4027D2220254A0003E3434 /* tumblrTests.swift in Sources */,
			);
			runOnlyForDeploymentPostprocessing = 0;
		};
		DC4027D4220254A0003E3434 /* Sources */ = {
			isa = PBXSourcesBuildPhase;
			buildActionMask = 2147483647;
			files = (
				DC4027DD220254A0003E3434 /* tumblrUITests.swift in Sources */,
			);
			runOnlyForDeploymentPostprocessing = 0;
		};
/* End PBXSourcesBuildPhase section */

/* Begin PBXTargetDependency section */
		DC4027CF220254A0003E3434 /* PBXTargetDependency */ = {
			isa = PBXTargetDependency;
			target = DC4027B822025490003E3434 /* tumblr */;
			targetProxy = DC4027CE220254A0003E3434 /* PBXContainerItemProxy */;
		};
		DC4027DA220254A0003E3434 /* PBXTargetDependency */ = {
			isa = PBXTargetDependency;
			target = DC4027B822025490003E3434 /* tumblr */;
			targetProxy = DC4027D9220254A0003E3434 /* PBXContainerItemProxy */;
		};
/* End PBXTargetDependency section */

/* Begin PBXVariantGroup section */
		DC4027C022025490003E3434 /* Main.storyboard */ = {
			isa = PBXVariantGroup;
			children = (
				DC4027C122025490003E3434 /* Base */,
			);
			name = Main.storyboard;
			sourceTree = "<group>";
		};
		DC4027C5220254A0003E3434 /* LaunchScreen.storyboard */ = {
			isa = PBXVariantGroup;
			children = (
				DC4027C6220254A0003E3434 /* Base */,
			);
			name = LaunchScreen.storyboard;
			sourceTree = "<group>";
		};
/* End PBXVariantGroup section */

/* Begin XCBuildConfiguration section */
		DC4027DF220254A0003E3434 /* Debug */ = {
			isa = XCBuildConfiguration;
			buildSettings = {
				ALWAYS_SEARCH_USER_PATHS = NO;
				CLANG_ANALYZER_NONNULL = YES;
				CLANG_ANALYZER_NUMBER_OBJECT_CONVERSION = YES_AGGRESSIVE;
				CLANG_CXX_LANGUAGE_STANDARD = "gnu++14";
				CLANG_CXX_LIBRARY = "libc++";
				CLANG_ENABLE_MODULES = YES;
				CLANG_ENABLE_OBJC_ARC = YES;
				CLANG_ENABLE_OBJC_WEAK = YES;
				CLANG_WARN_BLOCK_CAPTURE_AUTORELEASING = YES;
				CLANG_WARN_BOOL_CONVERSION = YES;
				CLANG_WARN_COMMA = YES;
				CLANG_WARN_CONSTANT_CONVERSION = YES;
				CLANG_WARN_DEPRECATED_OBJC_IMPLEMENTATIONS = YES;
				CLANG_WARN_DIRECT_OBJC_ISA_USAGE = YES_ERROR;
				CLANG_WARN_DOCUMENTATION_COMMENTS = YES;
				CLANG_WARN_EMPTY_BODY = YES;
				CLANG_WARN_ENUM_CONVERSION = YES;
				CLANG_WARN_INFINITE_RECURSION = YES;
				CLANG_WARN_INT_CONVERSION = YES;
				CLANG_WARN_NON_LITERAL_NULL_CONVERSION = YES;
				CLANG_WARN_OBJC_IMPLICIT_RETAIN_SELF = YES;
				CLANG_WARN_OBJC_LITERAL_CONVERSION = YES;
				CLANG_WARN_OBJC_ROOT_CLASS = YES_ERROR;
				CLANG_WARN_RANGE_LOOP_ANALYSIS = YES;
				CLANG_WARN_STRICT_PROTOTYPES = YES;
				CLANG_WARN_SUSPICIOUS_MOVE = YES;
				CLANG_WARN_UNGUARDED_AVAILABILITY = YES_AGGRESSIVE;
				CLANG_WARN_UNREACHABLE_CODE = YES;
				CLANG_WARN__DUPLICATE_METHOD_MATCH = YES;
				CODE_SIGN_IDENTITY = "iPhone Developer";
				COPY_PHASE_STRIP = NO;
				DEBUG_INFORMATION_FORMAT = dwarf;
				ENABLE_STRICT_OBJC_MSGSEND = YES;
				ENABLE_TESTABILITY = YES;
				GCC_C_LANGUAGE_STANDARD = gnu11;
				GCC_DYNAMIC_NO_PIC = NO;
				GCC_NO_COMMON_BLOCKS = YES;
				GCC_OPTIMIZATION_LEVEL = 0;
				GCC_PREPROCESSOR_DEFINITIONS = (
					"DEBUG=1",
					"$(inherited)",
				);
				GCC_WARN_64_TO_32_BIT_CONVERSION = YES;
				GCC_WARN_ABOUT_RETURN_TYPE = YES_ERROR;
				GCC_WARN_UNDECLARED_SELECTOR = YES;
				GCC_WARN_UNINITIALIZED_AUTOS = YES_AGGRESSIVE;
				GCC_WARN_UNUSED_FUNCTION = YES;
				GCC_WARN_UNUSED_VARIABLE = YES;
				IPHONEOS_DEPLOYMENT_TARGET = 12.1;
				MTL_ENABLE_DEBUG_INFO = INCLUDE_SOURCE;
				MTL_FAST_MATH = YES;
				ONLY_ACTIVE_ARCH = YES;
				SDKROOT = iphoneos;
				SWIFT_ACTIVE_COMPILATION_CONDITIONS = DEBUG;
				SWIFT_OPTIMIZATION_LEVEL = "-Onone";
			};
			name = Debug;
		};
		DC4027E0220254A0003E3434 /* Release */ = {
			isa = XCBuildConfiguration;
			buildSettings = {
				ALWAYS_SEARCH_USER_PATHS = NO;
				CLANG_ANALYZER_NONNULL = YES;
				CLANG_ANALYZER_NUMBER_OBJECT_CONVERSION = YES_AGGRESSIVE;
				CLANG_CXX_LANGUAGE_STANDARD = "gnu++14";
				CLANG_CXX_LIBRARY = "libc++";
				CLANG_ENABLE_MODULES = YES;
				CLANG_ENABLE_OBJC_ARC = YES;
				CLANG_ENABLE_OBJC_WEAK = YES;
				CLANG_WARN_BLOCK_CAPTURE_AUTORELEASING = YES;
				CLANG_WARN_BOOL_CONVERSION = YES;
				CLANG_WARN_COMMA = YES;
				CLANG_WARN_CONSTANT_CONVERSION = YES;
				CLANG_WARN_DEPRECATED_OBJC_IMPLEMENTATIONS = YES;
				CLANG_WARN_DIRECT_OBJC_ISA_USAGE = YES_ERROR;
				CLANG_WARN_DOCUMENTATION_COMMENTS = YES;
				CLANG_WARN_EMPTY_BODY = YES;
				CLANG_WARN_ENUM_CONVERSION = YES;
				CLANG_WARN_INFINITE_RECURSION = YES;
				CLANG_WARN_INT_CONVERSION = YES;
				CLANG_WARN_NON_LITERAL_NULL_CONVERSION = YES;
				CLANG_WARN_OBJC_IMPLICIT_RETAIN_SELF = YES;
				CLANG_WARN_OBJC_LITERAL_CONVERSION = YES;
				CLANG_WARN_OBJC_ROOT_CLASS = YES_ERROR;
				CLANG_WARN_RANGE_LOOP_ANALYSIS = YES;
				CLANG_WARN_STRICT_PROTOTYPES = YES;
				CLANG_WARN_SUSPICIOUS_MOVE = YES;
				CLANG_WARN_UNGUARDED_AVAILABILITY = YES_AGGRESSIVE;
				CLANG_WARN_UNREACHABLE_CODE = YES;
				CLANG_WARN__DUPLICATE_METHOD_MATCH = YES;
				CODE_SIGN_IDENTITY = "iPhone Developer";
				COPY_PHASE_STRIP = NO;
				DEBUG_INFORMATION_FORMAT = "dwarf-with-dsym";
				ENABLE_NS_ASSERTIONS = NO;
				ENABLE_STRICT_OBJC_MSGSEND = YES;
				GCC_C_LANGUAGE_STANDARD = gnu11;
				GCC_NO_COMMON_BLOCKS = YES;
				GCC_WARN_64_TO_32_BIT_CONVERSION = YES;
				GCC_WARN_ABOUT_RETURN_TYPE = YES_ERROR;
				GCC_WARN_UNDECLARED_SELECTOR = YES;
				GCC_WARN_UNINITIALIZED_AUTOS = YES_AGGRESSIVE;
				GCC_WARN_UNUSED_FUNCTION = YES;
				GCC_WARN_UNUSED_VARIABLE = YES;
				IPHONEOS_DEPLOYMENT_TARGET = 12.1;
				MTL_ENABLE_DEBUG_INFO = NO;
				MTL_FAST_MATH = YES;
				SDKROOT = iphoneos;
				SWIFT_COMPILATION_MODE = wholemodule;
				SWIFT_OPTIMIZATION_LEVEL = "-O";
				VALIDATE_PRODUCT = YES;
			};
			name = Release;
		};
		DC4027E2220254A0003E3434 /* Debug */ = {
			isa = XCBuildConfiguration;
			baseConfigurationReference = 471F40094E09D4F2D909FCC7 /* Pods-tumblr.debug.xcconfig */;
			buildSettings = {
				ASSETCATALOG_COMPILER_APPICON_NAME = AppIcon;
				CODE_SIGN_STYLE = Automatic;
				INFOPLIST_FILE = tumblr/Info.plist;
				LD_RUNPATH_SEARCH_PATHS = (
					"$(inherited)",
					"@executable_path/Frameworks",
				);
				PRODUCT_BUNDLE_IDENTIFIER = csumb.edu.tumblr;
				PRODUCT_NAME = "$(TARGET_NAME)";
				SWIFT_VERSION = 4.2;
				TARGETED_DEVICE_FAMILY = "1,2";
			};
			name = Debug;
		};
		DC4027E3220254A0003E3434 /* Release */ = {
			isa = XCBuildConfiguration;
			baseConfigurationReference = 1C05A57A750D68C61C87274C /* Pods-tumblr.release.xcconfig */;
			buildSettings = {
				ASSETCATALOG_COMPILER_APPICON_NAME = AppIcon;
				CODE_SIGN_STYLE = Automatic;
				INFOPLIST_FILE = tumblr/Info.plist;
				LD_RUNPATH_SEARCH_PATHS = (
					"$(inherited)",
					"@executable_path/Frameworks",
				);
				PRODUCT_BUNDLE_IDENTIFIER = csumb.edu.tumblr;
				PRODUCT_NAME = "$(TARGET_NAME)";
				SWIFT_VERSION = 4.2;
				TARGETED_DEVICE_FAMILY = "1,2";
			};
			name = Release;
		};
		DC4027E5220254A0003E3434 /* Debug */ = {
			isa = XCBuildConfiguration;
			baseConfigurationReference = 935561D2E3F4361685893F4A /* Pods-tumblrTests.debug.xcconfig */;
			buildSettings = {
				ALWAYS_EMBED_SWIFT_STANDARD_LIBRARIES = YES;
				BUNDLE_LOADER = "$(TEST_HOST)";
				CODE_SIGN_STYLE = Automatic;
				INFOPLIST_FILE = tumblrTests/Info.plist;
				LD_RUNPATH_SEARCH_PATHS = (
					"$(inherited)",
					"@executable_path/Frameworks",
					"@loader_path/Frameworks",
				);
				PRODUCT_BUNDLE_IDENTIFIER = csumb.edu.tumblrTests;
				PRODUCT_NAME = "$(TARGET_NAME)";
				SWIFT_VERSION = 4.2;
				TARGETED_DEVICE_FAMILY = "1,2";
				TEST_HOST = "$(BUILT_PRODUCTS_DIR)/tumblr.app/tumblr";
			};
			name = Debug;
		};
		DC4027E6220254A0003E3434 /* Release */ = {
			isa = XCBuildConfiguration;
			baseConfigurationReference = 877C4C769910283D265858AD /* Pods-tumblrTests.release.xcconfig */;
			buildSettings = {
				ALWAYS_EMBED_SWIFT_STANDARD_LIBRARIES = YES;
				BUNDLE_LOADER = "$(TEST_HOST)";
				CODE_SIGN_STYLE = Automatic;
				INFOPLIST_FILE = tumblrTests/Info.plist;
				LD_RUNPATH_SEARCH_PATHS = (
					"$(inherited)",
					"@executable_path/Frameworks",
					"@loader_path/Frameworks",
				);
				PRODUCT_BUNDLE_IDENTIFIER = csumb.edu.tumblrTests;
				PRODUCT_NAME = "$(TARGET_NAME)";
				SWIFT_VERSION = 4.2;
				TARGETED_DEVICE_FAMILY = "1,2";
				TEST_HOST = "$(BUILT_PRODUCTS_DIR)/tumblr.app/tumblr";
			};
			name = Release;
		};
		DC4027E8220254A0003E3434 /* Debug */ = {
			isa = XCBuildConfiguration;
			baseConfigurationReference = 1A043FC8CC813053FD73F97E /* Pods-tumblrUITests.debug.xcconfig */;
			buildSettings = {
				ALWAYS_EMBED_SWIFT_STANDARD_LIBRARIES = YES;
				CODE_SIGN_STYLE = Automatic;
				INFOPLIST_FILE = tumblrUITests/Info.plist;
				LD_RUNPATH_SEARCH_PATHS = (
					"$(inherited)",
					"@executable_path/Frameworks",
					"@loader_path/Frameworks",
				);
				PRODUCT_BUNDLE_IDENTIFIER = csumb.edu.tumblrUITests;
				PRODUCT_NAME = "$(TARGET_NAME)";
				SWIFT_VERSION = 4.2;
				TARGETED_DEVICE_FAMILY = "1,2";
				TEST_TARGET_NAME = tumblr;
			};
			name = Debug;
		};
		DC4027E9220254A0003E3434 /* Release */ = {
			isa = XCBuildConfiguration;
			baseConfigurationReference = 92A0C89FFCE3A35A37AD95BF /* Pods-tumblrUITests.release.xcconfig */;
			buildSettings = {
				ALWAYS_EMBED_SWIFT_STANDARD_LIBRARIES = YES;
				CODE_SIGN_STYLE = Automatic;
				INFOPLIST_FILE = tumblrUITests/Info.plist;
				LD_RUNPATH_SEARCH_PATHS = (
					"$(inherited)",
					"@executable_path/Frameworks",
					"@loader_path/Frameworks",
				);
				PRODUCT_BUNDLE_IDENTIFIER = csumb.edu.tumblrUITests;
				PRODUCT_NAME = "$(TARGET_NAME)";
				SWIFT_VERSION = 4.2;
				TARGETED_DEVICE_FAMILY = "1,2";
				TEST_TARGET_NAME = tumblr;
			};
			name = Release;
		};
/* End XCBuildConfiguration section */

/* Begin XCConfigurationList section */
		DC4027B422025490003E3434 /* Build configuration list for PBXProject "tumblr" */ = {
			isa = XCConfigurationList;
			buildConfigurations = (
				DC4027DF220254A0003E3434 /* Debug */,
				DC4027E0220254A0003E3434 /* Release */,
			);
			defaultConfigurationIsVisible = 0;
			defaultConfigurationName = Release;
		};
		DC4027E1220254A0003E3434 /* Build configuration list for PBXNativeTarget "tumblr" */ = {
			isa = XCConfigurationList;
			buildConfigurations = (
				DC4027E2220254A0003E3434 /* Debug */,
				DC4027E3220254A0003E3434 /* Release */,
			);
			defaultConfigurationIsVisible = 0;
			defaultConfigurationName = Release;
		};
		DC4027E4220254A0003E3434 /* Build configuration list for PBXNativeTarget "tumblrTests" */ = {
			isa = XCConfigurationList;
			buildConfigurations = (
				DC4027E5220254A0003E3434 /* Debug */,
				DC4027E6220254A0003E3434 /* Release */,
			);
			defaultConfigurationIsVisible = 0;
			defaultConfigurationName = Release;
		};
		DC4027E7220254A0003E3434 /* Build configuration list for PBXNativeTarget "tumblrUITests" */ = {
			isa = XCConfigurationList;
			buildConfigurations = (
				DC4027E8220254A0003E3434 /* Debug */,
				DC4027E9220254A0003E3434 /* Release */,
			);
			defaultConfigurationIsVisible = 0;
			defaultConfigurationName = Release;
		};
/* End XCConfigurationList section */
	};
	rootObject = DC4027B122025490003E3434 /* Project object */;
}
